// !$*UTF8*$!
{
	archiveVersion = 1;
	classes = {
	};
	objectVersion = 51;
	objects = {

/* Begin PBXBuildFile section */
		0E551620AEE226C596258244 /* Pods_KucasinoApp.framework in Frameworks */ = {isa = PBXBuildFile; fileRef = BF1DF01A94567C516B645F5F /* Pods_KucasinoApp.framework */; };
		2ECC25E625F5C6B800EEA388 /* AppDelegate.swift in Sources */ = {isa = PBXBuildFile; fileRef = 2ECC25E525F5C6B800EEA388 /* AppDelegate.swift */; };
		2ECC25E825F5C6B800EEA388 /* SceneDelegate.swift in Sources */ = {isa = PBXBuildFile; fileRef = 2ECC25E725F5C6B800EEA388 /* SceneDelegate.swift */; };
		2ECC25EA25F5C6B800EEA388 /* ViewController.swift in Sources */ = {isa = PBXBuildFile; fileRef = 2ECC25E925F5C6B800EEA388 /* ViewController.swift */; };
		2ECC25ED25F5C6B800EEA388 /* Main.storyboard in Resources */ = {isa = PBXBuildFile; fileRef = 2ECC25EB25F5C6B800EEA388 /* Main.storyboard */; };
		2ECC25EF25F5C6BA00EEA388 /* Assets.xcassets in Resources */ = {isa = PBXBuildFile; fileRef = 2ECC25EE25F5C6BA00EEA388 /* Assets.xcassets */; };
		2ECC25F225F5C6BA00EEA388 /* LaunchScreen.storyboard in Resources */ = {isa = PBXBuildFile; fileRef = 2ECC25F025F5C6BA00EEA388 /* LaunchScreen.storyboard */; };
		2ECC264825F5CB7000EEA388 /* BaseNavigation.swift in Sources */ = {isa = PBXBuildFile; fileRef = 2ECC264425F5CB7000EEA388 /* BaseNavigation.swift */; };
		2ECC264925F5CB7000EEA388 /* AppSettings.swift in Sources */ = {isa = PBXBuildFile; fileRef = 2ECC264525F5CB7000EEA388 /* AppSettings.swift */; };
		2ECC264A25F5CB7000EEA388 /* BaseViewController.swift in Sources */ = {isa = PBXBuildFile; fileRef = 2ECC264625F5CB7000EEA388 /* BaseViewController.swift */; };
		2ECC264B25F5CB7000EEA388 /* KeyboardInfo.swift in Sources */ = {isa = PBXBuildFile; fileRef = 2ECC264725F5CB7000EEA388 /* KeyboardInfo.swift */; };
		2ECC265925F5CB9700EEA388 /* Obserable+Extension.swift in Sources */ = {isa = PBXBuildFile; fileRef = 2ECC264E25F5CB9700EEA388 /* Obserable+Extension.swift */; };
		2ECC265A25F5CB9700EEA388 /* UITapgesture+Extension.swift in Sources */ = {isa = PBXBuildFile; fileRef = 2ECC264F25F5CB9700EEA388 /* UITapgesture+Extension.swift */; };
		2ECC265B25F5CB9700EEA388 /* UIWindow+Extension.swift in Sources */ = {isa = PBXBuildFile; fileRef = 2ECC265025F5CB9700EEA388 /* UIWindow+Extension.swift */; };
		2ECC265C25F5CB9700EEA388 /* ViewControllerExtension.swift in Sources */ = {isa = PBXBuildFile; fileRef = 2ECC265125F5CB9700EEA388 /* ViewControllerExtension.swift */; };
		2ECC265D25F5CB9700EEA388 /* CustomButton.swift in Sources */ = {isa = PBXBuildFile; fileRef = 2ECC265225F5CB9700EEA388 /* CustomButton.swift */; };
		2ECC265E25F5CB9700EEA388 /* PropertyWapper.swift in Sources */ = {isa = PBXBuildFile; fileRef = 2ECC265325F5CB9700EEA388 /* PropertyWapper.swift */; };
		2ECC265F25F5CB9700EEA388 /* ViewExtension.swift in Sources */ = {isa = PBXBuildFile; fileRef = 2ECC265425F5CB9700EEA388 /* ViewExtension.swift */; };
		2ECC266025F5CB9700EEA388 /* UIAllertVC+Extension.swift in Sources */ = {isa = PBXBuildFile; fileRef = 2ECC265525F5CB9700EEA388 /* UIAllertVC+Extension.swift */; };
		2ECC266125F5CB9700EEA388 /* Font+Extension.swift in Sources */ = {isa = PBXBuildFile; fileRef = 2ECC265625F5CB9700EEA388 /* Font+Extension.swift */; };
		2ECC266225F5CB9700EEA388 /* CodableExtension.swift in Sources */ = {isa = PBXBuildFile; fileRef = 2ECC265725F5CB9700EEA388 /* CodableExtension.swift */; };
		2ECC266325F5CB9700EEA388 /* DateExtension.swift in Sources */ = {isa = PBXBuildFile; fileRef = 2ECC265825F5CB9700EEA388 /* DateExtension.swift */; };
		2ECC266925F5CDF500EEA388 /* HomeApp.swift in Sources */ = {isa = PBXBuildFile; fileRef = 2ECC266725F5CDF500EEA388 /* HomeApp.swift */; };
		2ECC266A25F5CDF500EEA388 /* HomeApp.xib in Resources */ = {isa = PBXBuildFile; fileRef = 2ECC266825F5CDF500EEA388 /* HomeApp.xib */; };
/* End PBXBuildFile section */

/* Begin PBXFileReference section */
		2ECC25E225F5C6B800EEA388 /* KucasinoApp.app */ = {isa = PBXFileReference; explicitFileType = wrapper.application; includeInIndex = 0; path = KucasinoApp.app; sourceTree = BUILT_PRODUCTS_DIR; };
		2ECC25E525F5C6B800EEA388 /* AppDelegate.swift */ = {isa = PBXFileReference; lastKnownFileType = sourcecode.swift; path = AppDelegate.swift; sourceTree = "<group>"; };
		2ECC25E725F5C6B800EEA388 /* SceneDelegate.swift */ = {isa = PBXFileReference; lastKnownFileType = sourcecode.swift; path = SceneDelegate.swift; sourceTree = "<group>"; };
		2ECC25E925F5C6B800EEA388 /* ViewController.swift */ = {isa = PBXFileReference; lastKnownFileType = sourcecode.swift; path = ViewController.swift; sourceTree = "<group>"; };
		2ECC25EC25F5C6B800EEA388 /* Base */ = {isa = PBXFileReference; lastKnownFileType = file.storyboard; name = Base; path = Base.lproj/Main.storyboard; sourceTree = "<group>"; };
		2ECC25EE25F5C6BA00EEA388 /* Assets.xcassets */ = {isa = PBXFileReference; lastKnownFileType = folder.assetcatalog; path = Assets.xcassets; sourceTree = "<group>"; };
		2ECC25F125F5C6BA00EEA388 /* Base */ = {isa = PBXFileReference; lastKnownFileType = file.storyboard; name = Base; path = Base.lproj/LaunchScreen.storyboard; sourceTree = "<group>"; };
		2ECC25F325F5C6BA00EEA388 /* Info.plist */ = {isa = PBXFileReference; lastKnownFileType = text.plist.xml; path = Info.plist; sourceTree = "<group>"; };
		2ECC264425F5CB7000EEA388 /* BaseNavigation.swift */ = {isa = PBXFileReference; fileEncoding = 4; lastKnownFileType = sourcecode.swift; path = BaseNavigation.swift; sourceTree = "<group>"; };
		2ECC264525F5CB7000EEA388 /* AppSettings.swift */ = {isa = PBXFileReference; fileEncoding = 4; lastKnownFileType = sourcecode.swift; path = AppSettings.swift; sourceTree = "<group>"; };
		2ECC264625F5CB7000EEA388 /* BaseViewController.swift */ = {isa = PBXFileReference; fileEncoding = 4; lastKnownFileType = sourcecode.swift; path = BaseViewController.swift; sourceTree = "<group>"; };
		2ECC264725F5CB7000EEA388 /* KeyboardInfo.swift */ = {isa = PBXFileReference; fileEncoding = 4; lastKnownFileType = sourcecode.swift; path = KeyboardInfo.swift; sourceTree = "<group>"; };
		2ECC264E25F5CB9700EEA388 /* Obserable+Extension.swift */ = {isa = PBXFileReference; fileEncoding = 4; lastKnownFileType = sourcecode.swift; path = "Obserable+Extension.swift"; sourceTree = "<group>"; };
		2ECC264F25F5CB9700EEA388 /* UITapgesture+Extension.swift */ = {isa = PBXFileReference; fileEncoding = 4; lastKnownFileType = sourcecode.swift; path = "UITapgesture+Extension.swift"; sourceTree = "<group>"; };
		2ECC265025F5CB9700EEA388 /* UIWindow+Extension.swift */ = {isa = PBXFileReference; fileEncoding = 4; lastKnownFileType = sourcecode.swift; path = "UIWindow+Extension.swift"; sourceTree = "<group>"; };
		2ECC265125F5CB9700EEA388 /* ViewControllerExtension.swift */ = {isa = PBXFileReference; fileEncoding = 4; lastKnownFileType = sourcecode.swift; path = ViewControllerExtension.swift; sourceTree = "<group>"; };
		2ECC265225F5CB9700EEA388 /* CustomButton.swift */ = {isa = PBXFileReference; fileEncoding = 4; lastKnownFileType = sourcecode.swift; path = CustomButton.swift; sourceTree = "<group>"; };
		2ECC265325F5CB9700EEA388 /* PropertyWapper.swift */ = {isa = PBXFileReference; fileEncoding = 4; lastKnownFileType = sourcecode.swift; path = PropertyWapper.swift; sourceTree = "<group>"; };
		2ECC265425F5CB9700EEA388 /* ViewExtension.swift */ = {isa = PBXFileReference; fileEncoding = 4; lastKnownFileType = sourcecode.swift; path = ViewExtension.swift; sourceTree = "<group>"; };
		2ECC265525F5CB9700EEA388 /* UIAllertVC+Extension.swift */ = {isa = PBXFileReference; fileEncoding = 4; lastKnownFileType = sourcecode.swift; path = "UIAllertVC+Extension.swift"; sourceTree = "<group>"; };
		2ECC265625F5CB9700EEA388 /* Font+Extension.swift */ = {isa = PBXFileReference; fileEncoding = 4; lastKnownFileType = sourcecode.swift; path = "Font+Extension.swift"; sourceTree = "<group>"; };
		2ECC265725F5CB9700EEA388 /* CodableExtension.swift */ = {isa = PBXFileReference; fileEncoding = 4; lastKnownFileType = sourcecode.swift; path = CodableExtension.swift; sourceTree = "<group>"; };
		2ECC265825F5CB9700EEA388 /* DateExtension.swift */ = {isa = PBXFileReference; fileEncoding = 4; lastKnownFileType = sourcecode.swift; path = DateExtension.swift; sourceTree = "<group>"; };
		2ECC266725F5CDF500EEA388 /* HomeApp.swift */ = {isa = PBXFileReference; lastKnownFileType = sourcecode.swift; path = HomeApp.swift; sourceTree = "<group>"; };
		2ECC266825F5CDF500EEA388 /* HomeApp.xib */ = {isa = PBXFileReference; lastKnownFileType = file.xib; path = HomeApp.xib; sourceTree = "<group>"; };
		BF1DF01A94567C516B645F5F /* Pods_KucasinoApp.framework */ = {isa = PBXFileReference; explicitFileType = wrapper.framework; includeInIndex = 0; path = Pods_KucasinoApp.framework; sourceTree = BUILT_PRODUCTS_DIR; };
		D1AC36928CA4D187C5F7D04A /* Pods-KucasinoApp.debug.xcconfig */ = {isa = PBXFileReference; includeInIndex = 1; lastKnownFileType = text.xcconfig; name = "Pods-KucasinoApp.debug.xcconfig"; path = "Target Support Files/Pods-KucasinoApp/Pods-KucasinoApp.debug.xcconfig"; sourceTree = "<group>"; };
		E6DDB5A55408AA42057E72F0 /* Pods-KucasinoApp.release.xcconfig */ = {isa = PBXFileReference; includeInIndex = 1; lastKnownFileType = text.xcconfig; name = "Pods-KucasinoApp.release.xcconfig"; path = "Target Support Files/Pods-KucasinoApp/Pods-KucasinoApp.release.xcconfig"; sourceTree = "<group>"; };
/* End PBXFileReference section */

/* Begin PBXFrameworksBuildPhase section */
		2ECC25DF25F5C6B800EEA388 /* Frameworks */ = {
			isa = PBXFrameworksBuildPhase;
			buildActionMask = 2147483647;
			files = (
				0E551620AEE226C596258244 /* Pods_KucasinoApp.framework in Frameworks */,
			);
			runOnlyForDeploymentPostprocessing = 0;
		};
/* End PBXFrameworksBuildPhase section */

/* Begin PBXGroup section */
		05378A295A2FD097E27A4569 /* Pods */ = {
			isa = PBXGroup;
			children = (
				D1AC36928CA4D187C5F7D04A /* Pods-KucasinoApp.debug.xcconfig */,
				E6DDB5A55408AA42057E72F0 /* Pods-KucasinoApp.release.xcconfig */,
			);
			path = Pods;
			sourceTree = "<group>";
		};
		2ECC25D925F5C6B800EEA388 = {
			isa = PBXGroup;
			children = (
				2ECC25E425F5C6B800EEA388 /* KucasinoApp */,
				2ECC25E325F5C6B800EEA388 /* Products */,
				05378A295A2FD097E27A4569 /* Pods */,
				8EF91EE52172FC6A462FBAEA /* Frameworks */,
			);
			sourceTree = "<group>";
		};
		2ECC25E325F5C6B800EEA388 /* Products */ = {
			isa = PBXGroup;
			children = (
				2ECC25E225F5C6B800EEA388 /* KucasinoApp.app */,
			);
			name = Products;
			sourceTree = "<group>";
		};
		2ECC25E425F5C6B800EEA388 /* KucasinoApp */ = {
			isa = PBXGroup;
			children = (
				2ECC264D25F5CB9700EEA388 /* Extension */,
				2ECC264325F5CB7000EEA388 /* Common */,
				2ECC266525F5CDD100EEA388 /* Modules */,
				2ECC25E525F5C6B800EEA388 /* AppDelegate.swift */,
				2ECC25E725F5C6B800EEA388 /* SceneDelegate.swift */,
				2ECC25E925F5C6B800EEA388 /* ViewController.swift */,
				2ECC25EB25F5C6B800EEA388 /* Main.storyboard */,
				2ECC25EE25F5C6BA00EEA388 /* Assets.xcassets */,
				2ECC25F025F5C6BA00EEA388 /* LaunchScreen.storyboard */,
				2ECC25F325F5C6BA00EEA388 /* Info.plist */,
			);
			path = KucasinoApp;
			sourceTree = "<group>";
		};
		2ECC264325F5CB7000EEA388 /* Common */ = {
			isa = PBXGroup;
			children = (
				2ECC264425F5CB7000EEA388 /* BaseNavigation.swift */,
				2ECC264525F5CB7000EEA388 /* AppSettings.swift */,
				2ECC264625F5CB7000EEA388 /* BaseViewController.swift */,
				2ECC264725F5CB7000EEA388 /* KeyboardInfo.swift */,
			);
			path = Common;
			sourceTree = "<group>";
		};
		2ECC264D25F5CB9700EEA388 /* Extension */ = {
			isa = PBXGroup;
			children = (
				2ECC264E25F5CB9700EEA388 /* Obserable+Extension.swift */,
				2ECC264F25F5CB9700EEA388 /* UITapgesture+Extension.swift */,
				2ECC265025F5CB9700EEA388 /* UIWindow+Extension.swift */,
				2ECC265125F5CB9700EEA388 /* ViewControllerExtension.swift */,
				2ECC265225F5CB9700EEA388 /* CustomButton.swift */,
				2ECC265325F5CB9700EEA388 /* PropertyWapper.swift */,
				2ECC265425F5CB9700EEA388 /* ViewExtension.swift */,
				2ECC265525F5CB9700EEA388 /* UIAllertVC+Extension.swift */,
				2ECC265625F5CB9700EEA388 /* Font+Extension.swift */,
				2ECC265725F5CB9700EEA388 /* CodableExtension.swift */,
				2ECC265825F5CB9700EEA388 /* DateExtension.swift */,
			);
			path = Extension;
			sourceTree = "<group>";
		};
		2ECC266525F5CDD100EEA388 /* Modules */ = {
			isa = PBXGroup;
			children = (
				2ECC266625F5CDDC00EEA388 /* HomeApp */,
			);
			path = Modules;
			sourceTree = "<group>";
		};
		2ECC266625F5CDDC00EEA388 /* HomeApp */ = {
			isa = PBXGroup;
			children = (
				2ECC266725F5CDF500EEA388 /* HomeApp.swift */,
				2ECC266825F5CDF500EEA388 /* HomeApp.xib */,
			);
			path = HomeApp;
			sourceTree = "<group>";
		};
		8EF91EE52172FC6A462FBAEA /* Frameworks */ = {
			isa = PBXGroup;
			children = (
				BF1DF01A94567C516B645F5F /* Pods_KucasinoApp.framework */,
			);
			name = Frameworks;
			sourceTree = "<group>";
		};
/* End PBXGroup section */

/* Begin PBXNativeTarget section */
		2ECC25E125F5C6B800EEA388 /* KucasinoApp */ = {
			isa = PBXNativeTarget;
			buildConfigurationList = 2ECC25F625F5C6BA00EEA388 /* Build configuration list for PBXNativeTarget "KucasinoApp" */;
			buildPhases = (
				F66518B70FEF0A48360A82E5 /* [CP] Check Pods Manifest.lock */,
				2ECC25DE25F5C6B800EEA388 /* Sources */,
				2ECC25DF25F5C6B800EEA388 /* Frameworks */,
				2ECC25E025F5C6B800EEA388 /* Resources */,
				630ECBA009146F26D9513DA6 /* [CP] Embed Pods Frameworks */,
				C4ECFDFE8838CBC6A21D74F8 /* [CP] Copy Pods Resources */,
			);
			buildRules = (
			);
			dependencies = (
			);
			name = KucasinoApp;
			productName = KucasinoApp;
			productReference = 2ECC25E225F5C6B800EEA388 /* KucasinoApp.app */;
			productType = "com.apple.product-type.application";
		};
/* End PBXNativeTarget section */

/* Begin PBXProject section */
		2ECC25DA25F5C6B800EEA388 /* Project object */ = {
			isa = PBXProject;
			attributes = {
				LastSwiftUpdateCheck = 1210;
				LastUpgradeCheck = 1210;
				TargetAttributes = {
					2ECC25E125F5C6B800EEA388 = {
						CreatedOnToolsVersion = 12.1;
					};
				};
			};
			buildConfigurationList = 2ECC25DD25F5C6B800EEA388 /* Build configuration list for PBXProject "KucasinoApp" */;
			compatibilityVersion = "Xcode 9.3";
			developmentRegion = en;
			hasScannedForEncodings = 0;
			knownRegions = (
				en,
				Base,
			);
			mainGroup = 2ECC25D925F5C6B800EEA388;
			productRefGroup = 2ECC25E325F5C6B800EEA388 /* Products */;
			projectDirPath = "";
			projectRoot = "";
			targets = (
				2ECC25E125F5C6B800EEA388 /* KucasinoApp */,
			);
		};
/* End PBXProject section */

/* Begin PBXResourcesBuildPhase section */
		2ECC25E025F5C6B800EEA388 /* Resources */ = {
			isa = PBXResourcesBuildPhase;
			buildActionMask = 2147483647;
			files = (
				2ECC25F225F5C6BA00EEA388 /* LaunchScreen.storyboard in Resources */,
				2ECC25EF25F5C6BA00EEA388 /* Assets.xcassets in Resources */,
				2ECC266A25F5CDF500EEA388 /* HomeApp.xib in Resources */,
				2ECC25ED25F5C6B800EEA388 /* Main.storyboard in Resources */,
			);
			runOnlyForDeploymentPostprocessing = 0;
		};
/* End PBXResourcesBuildPhase section */

/* Begin PBXShellScriptBuildPhase section */
		630ECBA009146F26D9513DA6 /* [CP] Embed Pods Frameworks */ = {
			isa = PBXShellScriptBuildPhase;
			buildActionMask = 2147483647;
			files = (
			);
			inputFileListPaths = (
				"${PODS_ROOT}/Target Support Files/Pods-KucasinoApp/Pods-KucasinoApp-frameworks-${CONFIGURATION}-input-files.xcfilelist",
			);
			name = "[CP] Embed Pods Frameworks";
			outputFileListPaths = (
				"${PODS_ROOT}/Target Support Files/Pods-KucasinoApp/Pods-KucasinoApp-frameworks-${CONFIGURATION}-output-files.xcfilelist",
			);
			runOnlyForDeploymentPostprocessing = 0;
			shellPath = /bin/sh;
			shellScript = "\"${PODS_ROOT}/Target Support Files/Pods-KucasinoApp/Pods-KucasinoApp-frameworks.sh\"\n";
			showEnvVarsInLog = 0;
		};
		C4ECFDFE8838CBC6A21D74F8 /* [CP] Copy Pods Resources */ = {
			isa = PBXShellScriptBuildPhase;
			buildActionMask = 2147483647;
			files = (
			);
			inputFileListPaths = (
				"${PODS_ROOT}/Target Support Files/Pods-KucasinoApp/Pods-KucasinoApp-resources-${CONFIGURATION}-input-files.xcfilelist",
			);
			name = "[CP] Copy Pods Resources";
			outputFileListPaths = (
				"${PODS_ROOT}/Target Support Files/Pods-KucasinoApp/Pods-KucasinoApp-resources-${CONFIGURATION}-output-files.xcfilelist",
			);
			runOnlyForDeploymentPostprocessing = 0;
			shellPath = /bin/sh;
			shellScript = "\"${PODS_ROOT}/Target Support Files/Pods-KucasinoApp/Pods-KucasinoApp-resources.sh\"\n";
			showEnvVarsInLog = 0;
		};
		F66518B70FEF0A48360A82E5 /* [CP] Check Pods Manifest.lock */ = {
			isa = PBXShellScriptBuildPhase;
			buildActionMask = 2147483647;
			files = (
			);
			inputFileListPaths = (
			);
			inputPaths = (
				"${PODS_PODFILE_DIR_PATH}/Podfile.lock",
				"${PODS_ROOT}/Manifest.lock",
			);
			name = "[CP] Check Pods Manifest.lock";
			outputFileListPaths = (
			);
			outputPaths = (
				"$(DERIVED_FILE_DIR)/Pods-KucasinoApp-checkManifestLockResult.txt",
			);
			runOnlyForDeploymentPostprocessing = 0;
			shellPath = /bin/sh;
			shellScript = "diff \"${PODS_PODFILE_DIR_PATH}/Podfile.lock\" \"${PODS_ROOT}/Manifest.lock\" > /dev/null\nif [ $? != 0 ] ; then\n    # print error to STDERR\n    echo \"error: The sandbox is not in sync with the Podfile.lock. Run 'pod install' or update your CocoaPods installation.\" >&2\n    exit 1\nfi\n# This output is used by Xcode 'outputs' to avoid re-running this script phase.\necho \"SUCCESS\" > \"${SCRIPT_OUTPUT_FILE_0}\"\n";
			showEnvVarsInLog = 0;
		};
/* End PBXShellScriptBuildPhase section */

/* Begin PBXSourcesBuildPhase section */
		2ECC25DE25F5C6B800EEA388 /* Sources */ = {
			isa = PBXSourcesBuildPhase;
			buildActionMask = 2147483647;
			files = (
				2ECC25EA25F5C6B800EEA388 /* ViewController.swift in Sources */,
				2ECC265B25F5CB9700EEA388 /* UIWindow+Extension.swift in Sources */,
				2ECC266025F5CB9700EEA388 /* UIAllertVC+Extension.swift in Sources */,
				2ECC25E625F5C6B800EEA388 /* AppDelegate.swift in Sources */,
				2ECC264825F5CB7000EEA388 /* BaseNavigation.swift in Sources */,
				2ECC266225F5CB9700EEA388 /* CodableExtension.swift in Sources */,
				2ECC265925F5CB9700EEA388 /* Obserable+Extension.swift in Sources */,
				2ECC264925F5CB7000EEA388 /* AppSettings.swift in Sources */,
				2ECC264B25F5CB7000EEA388 /* KeyboardInfo.swift in Sources */,
				2ECC265C25F5CB9700EEA388 /* ViewControllerExtension.swift in Sources */,
				2ECC265E25F5CB9700EEA388 /* PropertyWapper.swift in Sources */,
				2ECC265D25F5CB9700EEA388 /* CustomButton.swift in Sources */,
				2ECC265F25F5CB9700EEA388 /* ViewExtension.swift in Sources */,
				2ECC266325F5CB9700EEA388 /* DateExtension.swift in Sources */,
				2ECC266925F5CDF500EEA388 /* HomeApp.swift in Sources */,
				2ECC265A25F5CB9700EEA388 /* UITapgesture+Extension.swift in Sources */,
				2ECC25E825F5C6B800EEA388 /* SceneDelegate.swift in Sources */,
				2ECC266125F5CB9700EEA388 /* Font+Extension.swift in Sources */,
				2ECC264A25F5CB7000EEA388 /* BaseViewController.swift in Sources */,
			);
			runOnlyForDeploymentPostprocessing = 0;
		};
/* End PBXSourcesBuildPhase section */

/* Begin PBXVariantGroup section */
		2ECC25EB25F5C6B800EEA388 /* Main.storyboard */ = {
			isa = PBXVariantGroup;
			children = (
				2ECC25EC25F5C6B800EEA388 /* Base */,
			);
			name = Main.storyboard;
			sourceTree = "<group>";
		};
		2ECC25F025F5C6BA00EEA388 /* LaunchScreen.storyboard */ = {
			isa = PBXVariantGroup;
			children = (
				2ECC25F125F5C6BA00EEA388 /* Base */,
			);
			name = LaunchScreen.storyboard;
			sourceTree = "<group>";
		};
/* End PBXVariantGroup section */

/* Begin XCBuildConfiguration section */
		2ECC25F425F5C6BA00EEA388 /* Debug */ = {
			isa = XCBuildConfiguration;
			buildSettings = {
				ALWAYS_SEARCH_USER_PATHS = NO;
				CLANG_ANALYZER_NONNULL = YES;
				CLANG_ANALYZER_NUMBER_OBJECT_CONVERSION = YES_AGGRESSIVE;
				CLANG_CXX_LANGUAGE_STANDARD = "gnu++14";
				CLANG_CXX_LIBRARY = "libc++";
				CLANG_ENABLE_MODULES = YES;
				CLANG_ENABLE_OBJC_ARC = YES;
				CLANG_ENABLE_OBJC_WEAK = YES;
				CLANG_WARN_BLOCK_CAPTURE_AUTORELEASING = YES;
				CLANG_WARN_BOOL_CONVERSION = YES;
				CLANG_WARN_COMMA = YES;
				CLANG_WARN_CONSTANT_CONVERSION = YES;
				CLANG_WARN_DEPRECATED_OBJC_IMPLEMENTATIONS = YES;
				CLANG_WARN_DIRECT_OBJC_ISA_USAGE = YES_ERROR;
				CLANG_WARN_DOCUMENTATION_COMMENTS = YES;
				CLANG_WARN_EMPTY_BODY = YES;
				CLANG_WARN_ENUM_CONVERSION = YES;
				CLANG_WARN_INFINITE_RECURSION = YES;
				CLANG_WARN_INT_CONVERSION = YES;
				CLANG_WARN_NON_LITERAL_NULL_CONVERSION = YES;
				CLANG_WARN_OBJC_IMPLICIT_RETAIN_SELF = YES;
				CLANG_WARN_OBJC_LITERAL_CONVERSION = YES;
				CLANG_WARN_OBJC_ROOT_CLASS = YES_ERROR;
				CLANG_WARN_QUOTED_INCLUDE_IN_FRAMEWORK_HEADER = YES;
				CLANG_WARN_RANGE_LOOP_ANALYSIS = YES;
				CLANG_WARN_STRICT_PROTOTYPES = YES;
				CLANG_WARN_SUSPICIOUS_MOVE = YES;
				CLANG_WARN_UNGUARDED_AVAILABILITY = YES_AGGRESSIVE;
				CLANG_WARN_UNREACHABLE_CODE = YES;
				CLANG_WARN__DUPLICATE_METHOD_MATCH = YES;
				COPY_PHASE_STRIP = NO;
				DEBUG_INFORMATION_FORMAT = dwarf;
				ENABLE_STRICT_OBJC_MSGSEND = YES;
				ENABLE_TESTABILITY = YES;
				GCC_C_LANGUAGE_STANDARD = gnu11;
				GCC_DYNAMIC_NO_PIC = NO;
				GCC_NO_COMMON_BLOCKS = YES;
				GCC_OPTIMIZATION_LEVEL = 0;
				GCC_PREPROCESSOR_DEFINITIONS = (
					"DEBUG=1",
					"$(inherited)",
				);
				GCC_WARN_64_TO_32_BIT_CONVERSION = YES;
				GCC_WARN_ABOUT_RETURN_TYPE = YES_ERROR;
				GCC_WARN_UNDECLARED_SELECTOR = YES;
				GCC_WARN_UNINITIALIZED_AUTOS = YES_AGGRESSIVE;
				GCC_WARN_UNUSED_FUNCTION = YES;
				GCC_WARN_UNUSED_VARIABLE = YES;
				IPHONEOS_DEPLOYMENT_TARGET = 11.0;
				MTL_ENABLE_DEBUG_INFO = INCLUDE_SOURCE;
				MTL_FAST_MATH = YES;
				ONLY_ACTIVE_ARCH = YES;
				SDKROOT = iphoneos;
				SWIFT_ACTIVE_COMPILATION_CONDITIONS = DEBUG;
				SWIFT_OPTIMIZATION_LEVEL = "-Onone";
			};
			name = Debug;
		};
		2ECC25F525F5C6BA00EEA388 /* Release */ = {
			isa = XCBuildConfiguration;
			buildSettings = {
				ALWAYS_SEARCH_USER_PATHS = NO;
				CLANG_ANALYZER_NONNULL = YES;
				CLANG_ANALYZER_NUMBER_OBJECT_CONVERSION = YES_AGGRESSIVE;
				CLANG_CXX_LANGUAGE_STANDARD = "gnu++14";
				CLANG_CXX_LIBRARY = "libc++";
				CLANG_ENABLE_MODULES = YES;
				CLANG_ENABLE_OBJC_ARC = YES;
				CLANG_ENABLE_OBJC_WEAK = YES;
				CLANG_WARN_BLOCK_CAPTURE_AUTORELEASING = YES;
				CLANG_WARN_BOOL_CONVERSION = YES;
				CLANG_WARN_COMMA = YES;
				CLANG_WARN_CONSTANT_CONVERSION = YES;
				CLANG_WARN_DEPRECATED_OBJC_IMPLEMENTATIONS = YES;
				CLANG_WARN_DIRECT_OBJC_ISA_USAGE = YES_ERROR;
				CLANG_WARN_DOCUMENTATION_COMMENTS = YES;
				CLANG_WARN_EMPTY_BODY = YES;
				CLANG_WARN_ENUM_CONVERSION = YES;
				CLANG_WARN_INFINITE_RECURSION = YES;
				CLANG_WARN_INT_CONVERSION = YES;
				CLANG_WARN_NON_LITERAL_NULL_CONVERSION = YES;
				CLANG_WARN_OBJC_IMPLICIT_RETAIN_SELF = YES;
				CLANG_WARN_OBJC_LITERAL_CONVERSION = YES;
				CLANG_WARN_OBJC_ROOT_CLASS = YES_ERROR;
				CLANG_WARN_QUOTED_INCLUDE_IN_FRAMEWORK_HEADER = YES;
				CLANG_WARN_RANGE_LOOP_ANALYSIS = YES;
				CLANG_WARN_STRICT_PROTOTYPES = YES;
				CLANG_WARN_SUSPICIOUS_MOVE = YES;
				CLANG_WARN_UNGUARDED_AVAILABILITY = YES_AGGRESSIVE;
				CLANG_WARN_UNREACHABLE_CODE = YES;
				CLANG_WARN__DUPLICATE_METHOD_MATCH = YES;
				COPY_PHASE_STRIP = NO;
				DEBUG_INFORMATION_FORMAT = "dwarf-with-dsym";
				ENABLE_NS_ASSERTIONS = NO;
				ENABLE_STRICT_OBJC_MSGSEND = YES;
				GCC_C_LANGUAGE_STANDARD = gnu11;
				GCC_NO_COMMON_BLOCKS = YES;
				GCC_WARN_64_TO_32_BIT_CONVERSION = YES;
				GCC_WARN_ABOUT_RETURN_TYPE = YES_ERROR;
				GCC_WARN_UNDECLARED_SELECTOR = YES;
				GCC_WARN_UNINITIALIZED_AUTOS = YES_AGGRESSIVE;
				GCC_WARN_UNUSED_FUNCTION = YES;
				GCC_WARN_UNUSED_VARIABLE = YES;
				IPHONEOS_DEPLOYMENT_TARGET = 11.0;
				MTL_ENABLE_DEBUG_INFO = NO;
				MTL_FAST_MATH = YES;
				SDKROOT = iphoneos;
				SWIFT_COMPILATION_MODE = wholemodule;
				SWIFT_OPTIMIZATION_LEVEL = "-O";
				VALIDATE_PRODUCT = YES;
			};
			name = Release;
		};
		2ECC25F725F5C6BA00EEA388 /* Debug */ = {
			isa = XCBuildConfiguration;
			baseConfigurationReference = D1AC36928CA4D187C5F7D04A /* Pods-KucasinoApp.debug.xcconfig */;
			buildSettings = {
				ASSETCATALOG_COMPILER_APPICON_NAME = AppIcon;
				ASSETCATALOG_COMPILER_GLOBAL_ACCENT_COLOR_NAME = AccentColor;
				CODE_SIGN_STYLE = Automatic;
				DEVELOPMENT_TEAM = 7VA7N3EEEN;
				INFOPLIST_FILE = KucasinoApp/Info.plist;
				LD_RUNPATH_SEARCH_PATHS = (
					"$(inherited)",
					"@executable_path/Frameworks",
				);
				PRODUCT_BUNDLE_IDENTIFIER = haiphan.KucasinoApp;
				PRODUCT_NAME = "$(TARGET_NAME)";
				SWIFT_VERSION = 5.0;
				TARGETED_DEVICE_FAMILY = "1,2";
			};
			name = Debug;
		};
		2ECC25F825F5C6BA00EEA388 /* Release */ = {
			isa = XCBuildConfiguration;
			baseConfigurationReference = E6DDB5A55408AA42057E72F0 /* Pods-KucasinoApp.release.xcconfig */;
			buildSettings = {
				ASSETCATALOG_COMPILER_APPICON_NAME = AppIcon;
				ASSETCATALOG_COMPILER_GLOBAL_ACCENT_COLOR_NAME = AccentColor;
				CODE_SIGN_STYLE = Automatic;
				DEVELOPMENT_TEAM = 7VA7N3EEEN;
				INFOPLIST_FILE = KucasinoApp/Info.plist;
				LD_RUNPATH_SEARCH_PATHS = (
					"$(inherited)",
					"@executable_path/Frameworks",
				);
				PRODUCT_BUNDLE_IDENTIFIER = haiphan.KucasinoApp;
				PRODUCT_NAME = "$(TARGET_NAME)";
				SWIFT_VERSION = 5.0;
				TARGETED_DEVICE_FAMILY = "1,2";
			};
			name = Release;
		};
/* End XCBuildConfiguration section */

/* Begin XCConfigurationList section */
		2ECC25DD25F5C6B800EEA388 /* Build configuration list for PBXProject "KucasinoApp" */ = {
			isa = XCConfigurationList;
			buildConfigurations = (
				2ECC25F425F5C6BA00EEA388 /* Debug */,
				2ECC25F525F5C6BA00EEA388 /* Release */,
			);
			defaultConfigurationIsVisible = 0;
			defaultConfigurationName = Release;
		};
		2ECC25F625F5C6BA00EEA388 /* Build configuration list for PBXNativeTarget "KucasinoApp" */ = {
			isa = XCConfigurationList;
			buildConfigurations = (
				2ECC25F725F5C6BA00EEA388 /* Debug */,
				2ECC25F825F5C6BA00EEA388 /* Release */,
			);
			defaultConfigurationIsVisible = 0;
			defaultConfigurationName = Release;
		};
/* End XCConfigurationList section */
	};
	rootObject = 2ECC25DA25F5C6B800EEA388 /* Project object */;
}
