// !$*UTF8*$!
{
	archiveVersion = 1;
	classes = {
	};
	objectVersion = 51;
	objects = {

/* Begin PBXBuildFile section */
		2E64921325F723BE00FDC7FB /* AppDelegate.swift in Sources */ = {isa = PBXBuildFile; fileRef = 2E64921225F723BE00FDC7FB /* AppDelegate.swift */; };
		2E64921525F723BE00FDC7FB /* SceneDelegate.swift in Sources */ = {isa = PBXBuildFile; fileRef = 2E64921425F723BE00FDC7FB /* SceneDelegate.swift */; };
		2E64921725F723BE00FDC7FB /* ViewController.swift in Sources */ = {isa = PBXBuildFile; fileRef = 2E64921625F723BE00FDC7FB /* ViewController.swift */; };
		2E64921A25F723BE00FDC7FB /* Main.storyboard in Resources */ = {isa = PBXBuildFile; fileRef = 2E64921825F723BE00FDC7FB /* Main.storyboard */; };
		2E64921C25F723C000FDC7FB /* Assets.xcassets in Resources */ = {isa = PBXBuildFile; fileRef = 2E64921B25F723C000FDC7FB /* Assets.xcassets */; };
		2E64921F25F723C000FDC7FB /* LaunchScreen.storyboard in Resources */ = {isa = PBXBuildFile; fileRef = 2E64921D25F723C000FDC7FB /* LaunchScreen.storyboard */; };
		2E64923A25F7245C00FDC7FB /* Obserable+Extension.swift in Sources */ = {isa = PBXBuildFile; fileRef = 2E64922A25F7245C00FDC7FB /* Obserable+Extension.swift */; };
		2E64923B25F7245C00FDC7FB /* UITapgesture+Extension.swift in Sources */ = {isa = PBXBuildFile; fileRef = 2E64922B25F7245C00FDC7FB /* UITapgesture+Extension.swift */; };
		2E64923C25F7245C00FDC7FB /* UIWindow+Extension.swift in Sources */ = {isa = PBXBuildFile; fileRef = 2E64922C25F7245C00FDC7FB /* UIWindow+Extension.swift */; };
		2E64923D25F7245C00FDC7FB /* ViewControllerExtension.swift in Sources */ = {isa = PBXBuildFile; fileRef = 2E64922D25F7245C00FDC7FB /* ViewControllerExtension.swift */; };
		2E64923E25F7245C00FDC7FB /* CustomButton.swift in Sources */ = {isa = PBXBuildFile; fileRef = 2E64922E25F7245C00FDC7FB /* CustomButton.swift */; };
		2E64923F25F7245C00FDC7FB /* PropertyWapper.swift in Sources */ = {isa = PBXBuildFile; fileRef = 2E64922F25F7245C00FDC7FB /* PropertyWapper.swift */; };
		2E64924025F7245C00FDC7FB /* ViewExtension.swift in Sources */ = {isa = PBXBuildFile; fileRef = 2E64923025F7245C00FDC7FB /* ViewExtension.swift */; };
		2E64924125F7245C00FDC7FB /* UIAllertVC+Extension.swift in Sources */ = {isa = PBXBuildFile; fileRef = 2E64923125F7245C00FDC7FB /* UIAllertVC+Extension.swift */; };
		2E64924225F7245C00FDC7FB /* Font+Extension.swift in Sources */ = {isa = PBXBuildFile; fileRef = 2E64923225F7245C00FDC7FB /* Font+Extension.swift */; };
		2E64924325F7245C00FDC7FB /* CodableExtension.swift in Sources */ = {isa = PBXBuildFile; fileRef = 2E64923325F7245C00FDC7FB /* CodableExtension.swift */; };
		2E64924425F7245C00FDC7FB /* DateExtension.swift in Sources */ = {isa = PBXBuildFile; fileRef = 2E64923425F7245C00FDC7FB /* DateExtension.swift */; };
		2E64924525F7245C00FDC7FB /* BaseNavigation.swift in Sources */ = {isa = PBXBuildFile; fileRef = 2E64923625F7245C00FDC7FB /* BaseNavigation.swift */; };
		2E64924625F7245C00FDC7FB /* AppSettings.swift in Sources */ = {isa = PBXBuildFile; fileRef = 2E64923725F7245C00FDC7FB /* AppSettings.swift */; };
		2E64924725F7245C00FDC7FB /* BaseViewController.swift in Sources */ = {isa = PBXBuildFile; fileRef = 2E64923825F7245C00FDC7FB /* BaseViewController.swift */; };
		2E64924825F7245C00FDC7FB /* KeyboardInfo.swift in Sources */ = {isa = PBXBuildFile; fileRef = 2E64923925F7245C00FDC7FB /* KeyboardInfo.swift */; };
		2E6492AE25F72C8C00FDC7FB /* HomeApp.swift in Sources */ = {isa = PBXBuildFile; fileRef = 2E6492A625F72C8C00FDC7FB /* HomeApp.swift */; };
		2E6492AF25F72C8C00FDC7FB /* HomeApp.xib in Resources */ = {isa = PBXBuildFile; fileRef = 2E6492A725F72C8C00FDC7FB /* HomeApp.xib */; };
		2E6492B025F72C8C00FDC7FB /* PlayVC.swift in Sources */ = {isa = PBXBuildFile; fileRef = 2E6492A925F72C8C00FDC7FB /* PlayVC.swift */; };
		2E6492B125F72C8C00FDC7FB /* PlayVC.xib in Resources */ = {isa = PBXBuildFile; fileRef = 2E6492AA25F72C8C00FDC7FB /* PlayVC.xib */; };
		2E64962425F76E1B00FDC7FB /* GoogleService-Info.plist in Resources */ = {isa = PBXBuildFile; fileRef = 2E64962325F76E1B00FDC7FB /* GoogleService-Info.plist */; };
		2E64962825F7725400FDC7FB /* HomeModel.swift in Sources */ = {isa = PBXBuildFile; fileRef = 2E64962725F7725300FDC7FB /* HomeModel.swift */; };
		93796858260A316600816081 /* ZodiacVC.xib in Resources */ = {isa = PBXBuildFile; fileRef = 93796850260A316600816081 /* ZodiacVC.xib */; };
		93796859260A316600816081 /* ZodiacVC.swift in Sources */ = {isa = PBXBuildFile; fileRef = 93796851260A316600816081 /* ZodiacVC.swift */; };
		9379685A260A316600816081 /* ZodiacCell.xib in Resources */ = {isa = PBXBuildFile; fileRef = 93796853260A316600816081 /* ZodiacCell.xib */; };
		9379685B260A316600816081 /* ZodiacCell.swift in Sources */ = {isa = PBXBuildFile; fileRef = 93796854260A316600816081 /* ZodiacCell.swift */; };
		9379685C260A316600816081 /* ZodiacDetailVC.xib in Resources */ = {isa = PBXBuildFile; fileRef = 93796856260A316600816081 /* ZodiacDetailVC.xib */; };
		9379685D260A316600816081 /* ZodiacDetailVC.swift in Sources */ = {isa = PBXBuildFile; fileRef = 93796857260A316600816081 /* ZodiacDetailVC.swift */; };
		937968F3260A32B800816081 /* zodiac.json in Resources */ = {isa = PBXBuildFile; fileRef = 937968F2260A32B800816081 /* zodiac.json */; };
		937968F6260A330900816081 /* ReadJSONFallLove.swift in Sources */ = {isa = PBXBuildFile; fileRef = 937968F5260A330900816081 /* ReadJSONFallLove.swift */; };
		FD59B9D786DC9A69F0114B42 /* Pods_KuFun.framework in Frameworks */ = {isa = PBXBuildFile; fileRef = C1817746207602FB9CFBC7E2 /* Pods_KuFun.framework */; };
/* End PBXBuildFile section */

/* Begin PBXFileReference section */
		2912D84A00B365E25433209B /* Pods-KuFun.release.xcconfig */ = {isa = PBXFileReference; includeInIndex = 1; lastKnownFileType = text.xcconfig; name = "Pods-KuFun.release.xcconfig"; path = "Target Support Files/Pods-KuFun/Pods-KuFun.release.xcconfig"; sourceTree = "<group>"; };
		2E64920F25F723BE00FDC7FB /* Ku App New.app */ = {isa = PBXFileReference; explicitFileType = wrapper.application; includeInIndex = 0; path = "Ku App New.app"; sourceTree = BUILT_PRODUCTS_DIR; };
		2E64921225F723BE00FDC7FB /* AppDelegate.swift */ = {isa = PBXFileReference; lastKnownFileType = sourcecode.swift; path = AppDelegate.swift; sourceTree = "<group>"; };
		2E64921425F723BE00FDC7FB /* SceneDelegate.swift */ = {isa = PBXFileReference; lastKnownFileType = sourcecode.swift; path = SceneDelegate.swift; sourceTree = "<group>"; };
		2E64921625F723BE00FDC7FB /* ViewController.swift */ = {isa = PBXFileReference; lastKnownFileType = sourcecode.swift; path = ViewController.swift; sourceTree = "<group>"; };
		2E64921925F723BE00FDC7FB /* Base */ = {isa = PBXFileReference; lastKnownFileType = file.storyboard; name = Base; path = Base.lproj/Main.storyboard; sourceTree = "<group>"; };
		2E64921B25F723C000FDC7FB /* Assets.xcassets */ = {isa = PBXFileReference; lastKnownFileType = folder.assetcatalog; path = Assets.xcassets; sourceTree = "<group>"; };
		2E64921E25F723C000FDC7FB /* Base */ = {isa = PBXFileReference; lastKnownFileType = file.storyboard; name = Base; path = Base.lproj/LaunchScreen.storyboard; sourceTree = "<group>"; };
		2E64922025F723C000FDC7FB /* Info.plist */ = {isa = PBXFileReference; lastKnownFileType = text.plist.xml; path = Info.plist; sourceTree = "<group>"; };
		2E64922A25F7245C00FDC7FB /* Obserable+Extension.swift */ = {isa = PBXFileReference; fileEncoding = 4; lastKnownFileType = sourcecode.swift; path = "Obserable+Extension.swift"; sourceTree = "<group>"; };
		2E64922B25F7245C00FDC7FB /* UITapgesture+Extension.swift */ = {isa = PBXFileReference; fileEncoding = 4; lastKnownFileType = sourcecode.swift; path = "UITapgesture+Extension.swift"; sourceTree = "<group>"; };
		2E64922C25F7245C00FDC7FB /* UIWindow+Extension.swift */ = {isa = PBXFileReference; fileEncoding = 4; lastKnownFileType = sourcecode.swift; path = "UIWindow+Extension.swift"; sourceTree = "<group>"; };
		2E64922D25F7245C00FDC7FB /* ViewControllerExtension.swift */ = {isa = PBXFileReference; fileEncoding = 4; lastKnownFileType = sourcecode.swift; path = ViewControllerExtension.swift; sourceTree = "<group>"; };
		2E64922E25F7245C00FDC7FB /* CustomButton.swift */ = {isa = PBXFileReference; fileEncoding = 4; lastKnownFileType = sourcecode.swift; path = CustomButton.swift; sourceTree = "<group>"; };
		2E64922F25F7245C00FDC7FB /* PropertyWapper.swift */ = {isa = PBXFileReference; fileEncoding = 4; lastKnownFileType = sourcecode.swift; path = PropertyWapper.swift; sourceTree = "<group>"; };
		2E64923025F7245C00FDC7FB /* ViewExtension.swift */ = {isa = PBXFileReference; fileEncoding = 4; lastKnownFileType = sourcecode.swift; path = ViewExtension.swift; sourceTree = "<group>"; };
		2E64923125F7245C00FDC7FB /* UIAllertVC+Extension.swift */ = {isa = PBXFileReference; fileEncoding = 4; lastKnownFileType = sourcecode.swift; path = "UIAllertVC+Extension.swift"; sourceTree = "<group>"; };
		2E64923225F7245C00FDC7FB /* Font+Extension.swift */ = {isa = PBXFileReference; fileEncoding = 4; lastKnownFileType = sourcecode.swift; path = "Font+Extension.swift"; sourceTree = "<group>"; };
		2E64923325F7245C00FDC7FB /* CodableExtension.swift */ = {isa = PBXFileReference; fileEncoding = 4; lastKnownFileType = sourcecode.swift; path = CodableExtension.swift; sourceTree = "<group>"; };
		2E64923425F7245C00FDC7FB /* DateExtension.swift */ = {isa = PBXFileReference; fileEncoding = 4; lastKnownFileType = sourcecode.swift; path = DateExtension.swift; sourceTree = "<group>"; };
		2E64923625F7245C00FDC7FB /* BaseNavigation.swift */ = {isa = PBXFileReference; fileEncoding = 4; lastKnownFileType = sourcecode.swift; path = BaseNavigation.swift; sourceTree = "<group>"; };
		2E64923725F7245C00FDC7FB /* AppSettings.swift */ = {isa = PBXFileReference; fileEncoding = 4; lastKnownFileType = sourcecode.swift; path = AppSettings.swift; sourceTree = "<group>"; };
		2E64923825F7245C00FDC7FB /* BaseViewController.swift */ = {isa = PBXFileReference; fileEncoding = 4; lastKnownFileType = sourcecode.swift; path = BaseViewController.swift; sourceTree = "<group>"; };
		2E64923925F7245C00FDC7FB /* KeyboardInfo.swift */ = {isa = PBXFileReference; fileEncoding = 4; lastKnownFileType = sourcecode.swift; path = KeyboardInfo.swift; sourceTree = "<group>"; };
		2E6492A625F72C8C00FDC7FB /* HomeApp.swift */ = {isa = PBXFileReference; fileEncoding = 4; lastKnownFileType = sourcecode.swift; path = HomeApp.swift; sourceTree = "<group>"; };
		2E6492A725F72C8C00FDC7FB /* HomeApp.xib */ = {isa = PBXFileReference; fileEncoding = 4; lastKnownFileType = file.xib; path = HomeApp.xib; sourceTree = "<group>"; };
		2E6492A925F72C8C00FDC7FB /* PlayVC.swift */ = {isa = PBXFileReference; fileEncoding = 4; lastKnownFileType = sourcecode.swift; path = PlayVC.swift; sourceTree = "<group>"; };
		2E6492AA25F72C8C00FDC7FB /* PlayVC.xib */ = {isa = PBXFileReference; fileEncoding = 4; lastKnownFileType = file.xib; path = PlayVC.xib; sourceTree = "<group>"; };
		2E64962325F76E1B00FDC7FB /* GoogleService-Info.plist */ = {isa = PBXFileReference; fileEncoding = 4; lastKnownFileType = text.plist.xml; path = "GoogleService-Info.plist"; sourceTree = "<group>"; };
		2E64962725F7725300FDC7FB /* HomeModel.swift */ = {isa = PBXFileReference; lastKnownFileType = sourcecode.swift; path = HomeModel.swift; sourceTree = "<group>"; };
		93796850260A316600816081 /* ZodiacVC.xib */ = {isa = PBXFileReference; fileEncoding = 4; lastKnownFileType = file.xib; path = ZodiacVC.xib; sourceTree = "<group>"; };
		93796851260A316600816081 /* ZodiacVC.swift */ = {isa = PBXFileReference; fileEncoding = 4; lastKnownFileType = sourcecode.swift; path = ZodiacVC.swift; sourceTree = "<group>"; };
		93796853260A316600816081 /* ZodiacCell.xib */ = {isa = PBXFileReference; fileEncoding = 4; lastKnownFileType = file.xib; path = ZodiacCell.xib; sourceTree = "<group>"; };
		93796854260A316600816081 /* ZodiacCell.swift */ = {isa = PBXFileReference; fileEncoding = 4; lastKnownFileType = sourcecode.swift; path = ZodiacCell.swift; sourceTree = "<group>"; };
		93796856260A316600816081 /* ZodiacDetailVC.xib */ = {isa = PBXFileReference; fileEncoding = 4; lastKnownFileType = file.xib; path = ZodiacDetailVC.xib; sourceTree = "<group>"; };
		93796857260A316600816081 /* ZodiacDetailVC.swift */ = {isa = PBXFileReference; fileEncoding = 4; lastKnownFileType = sourcecode.swift; path = ZodiacDetailVC.swift; sourceTree = "<group>"; };
		937968F2260A32B800816081 /* zodiac.json */ = {isa = PBXFileReference; fileEncoding = 4; lastKnownFileType = text.json; path = zodiac.json; sourceTree = "<group>"; };
		937968F5260A330900816081 /* ReadJSONFallLove.swift */ = {isa = PBXFileReference; fileEncoding = 4; lastKnownFileType = sourcecode.swift; path = ReadJSONFallLove.swift; sourceTree = "<group>"; };
		C1817746207602FB9CFBC7E2 /* Pods_KuFun.framework */ = {isa = PBXFileReference; explicitFileType = wrapper.framework; includeInIndex = 0; path = Pods_KuFun.framework; sourceTree = BUILT_PRODUCTS_DIR; };
		E2F2B3B5853AA8CC773ACC5F /* Pods-KuFun.debug.xcconfig */ = {isa = PBXFileReference; includeInIndex = 1; lastKnownFileType = text.xcconfig; name = "Pods-KuFun.debug.xcconfig"; path = "Target Support Files/Pods-KuFun/Pods-KuFun.debug.xcconfig"; sourceTree = "<group>"; };
/* End PBXFileReference section */

/* Begin PBXFrameworksBuildPhase section */
		2E64920C25F723BE00FDC7FB /* Frameworks */ = {
			isa = PBXFrameworksBuildPhase;
			buildActionMask = 2147483647;
			files = (
				FD59B9D786DC9A69F0114B42 /* Pods_KuFun.framework in Frameworks */,
			);
			runOnlyForDeploymentPostprocessing = 0;
		};
/* End PBXFrameworksBuildPhase section */

/* Begin PBXGroup section */
		2E64920625F723BE00FDC7FB = {
			isa = PBXGroup;
			children = (
				2E64921125F723BE00FDC7FB /* KuFun */,
				2E64921025F723BE00FDC7FB /* Products */,
				3E81EC18608B69CA49C0C3CD /* Pods */,
				6F585CE912B60BB3D8884B76 /* Frameworks */,
			);
			sourceTree = "<group>";
		};
		2E64921025F723BE00FDC7FB /* Products */ = {
			isa = PBXGroup;
			children = (
				2E64920F25F723BE00FDC7FB /* Ku App New.app */,
			);
			name = Products;
			sourceTree = "<group>";
		};
		2E64921125F723BE00FDC7FB /* KuFun */ = {
			isa = PBXGroup;
			children = (
				937968F1260A32A700816081 /* Service */,
				2E64923525F7245C00FDC7FB /* Common */,
				2E64922925F7245C00FDC7FB /* Extension */,
				2E6492A425F72C8C00FDC7FB /* Modules */,
				2E64921225F723BE00FDC7FB /* AppDelegate.swift */,
				2E64921425F723BE00FDC7FB /* SceneDelegate.swift */,
				2E64921625F723BE00FDC7FB /* ViewController.swift */,
				2E64921825F723BE00FDC7FB /* Main.storyboard */,
				2E64921B25F723C000FDC7FB /* Assets.xcassets */,
				2E64962325F76E1B00FDC7FB /* GoogleService-Info.plist */,
				2E64921D25F723C000FDC7FB /* LaunchScreen.storyboard */,
				2E64922025F723C000FDC7FB /* Info.plist */,
			);
			path = KuFun;
			sourceTree = "<group>";
		};
		2E64922925F7245C00FDC7FB /* Extension */ = {
			isa = PBXGroup;
			children = (
				2E64922A25F7245C00FDC7FB /* Obserable+Extension.swift */,
				2E64922B25F7245C00FDC7FB /* UITapgesture+Extension.swift */,
				2E64922C25F7245C00FDC7FB /* UIWindow+Extension.swift */,
				2E64922D25F7245C00FDC7FB /* ViewControllerExtension.swift */,
				2E64922E25F7245C00FDC7FB /* CustomButton.swift */,
				2E64922F25F7245C00FDC7FB /* PropertyWapper.swift */,
				2E64923025F7245C00FDC7FB /* ViewExtension.swift */,
				2E64923125F7245C00FDC7FB /* UIAllertVC+Extension.swift */,
				2E64923225F7245C00FDC7FB /* Font+Extension.swift */,
				2E64923325F7245C00FDC7FB /* CodableExtension.swift */,
				2E64923425F7245C00FDC7FB /* DateExtension.swift */,
			);
			path = Extension;
			sourceTree = "<group>";
		};
		2E64923525F7245C00FDC7FB /* Common */ = {
			isa = PBXGroup;
			children = (
				2E64923625F7245C00FDC7FB /* BaseNavigation.swift */,
				2E64923725F7245C00FDC7FB /* AppSettings.swift */,
				2E64923825F7245C00FDC7FB /* BaseViewController.swift */,
				2E64923925F7245C00FDC7FB /* KeyboardInfo.swift */,
			);
			path = Common;
			sourceTree = "<group>";
		};
		2E6492A425F72C8C00FDC7FB /* Modules */ = {
			isa = PBXGroup;
			children = (
				9379684F260A316600816081 /* Zodiac */,
				93796855260A316600816081 /* ZodiacDetail */,
				2E6492A525F72C8C00FDC7FB /* HomeApp */,
				2E6492A825F72C8C00FDC7FB /* PlayVC */,
			);
			path = Modules;
			sourceTree = "<group>";
		};
		2E6492A525F72C8C00FDC7FB /* HomeApp */ = {
			isa = PBXGroup;
			children = (
				2E64962625F7724500FDC7FB /* Model */,
				2E6492A625F72C8C00FDC7FB /* HomeApp.swift */,
				2E6492A725F72C8C00FDC7FB /* HomeApp.xib */,
			);
			path = HomeApp;
			sourceTree = "<group>";
		};
		2E6492A825F72C8C00FDC7FB /* PlayVC */ = {
			isa = PBXGroup;
			children = (
				2E6492A925F72C8C00FDC7FB /* PlayVC.swift */,
				2E6492AA25F72C8C00FDC7FB /* PlayVC.xib */,
			);
			path = PlayVC;
			sourceTree = "<group>";
		};
		2E64962625F7724500FDC7FB /* Model */ = {
			isa = PBXGroup;
			children = (
				2E64962725F7725300FDC7FB /* HomeModel.swift */,
			);
			path = Model;
			sourceTree = "<group>";
		};
		3E81EC18608B69CA49C0C3CD /* Pods */ = {
			isa = PBXGroup;
			children = (
				E2F2B3B5853AA8CC773ACC5F /* Pods-KuFun.debug.xcconfig */,
				2912D84A00B365E25433209B /* Pods-KuFun.release.xcconfig */,
			);
			path = Pods;
			sourceTree = "<group>";
		};
		6F585CE912B60BB3D8884B76 /* Frameworks */ = {
			isa = PBXGroup;
			children = (
				C1817746207602FB9CFBC7E2 /* Pods_KuFun.framework */,
			);
			name = Frameworks;
			sourceTree = "<group>";
		};
		9379684F260A316600816081 /* Zodiac */ = {
			isa = PBXGroup;
			children = (
				93796850260A316600816081 /* ZodiacVC.xib */,
				93796851260A316600816081 /* ZodiacVC.swift */,
				93796852260A316600816081 /* Cell */,
			);
			path = Zodiac;
			sourceTree = "<group>";
		};
		93796852260A316600816081 /* Cell */ = {
			isa = PBXGroup;
			children = (
				93796853260A316600816081 /* ZodiacCell.xib */,
				93796854260A316600816081 /* ZodiacCell.swift */,
			);
			path = Cell;
			sourceTree = "<group>";
		};
		93796855260A316600816081 /* ZodiacDetail */ = {
			isa = PBXGroup;
			children = (
				93796856260A316600816081 /* ZodiacDetailVC.xib */,
				93796857260A316600816081 /* ZodiacDetailVC.swift */,
			);
			path = ZodiacDetail;
			sourceTree = "<group>";
		};
		937968F1260A32A700816081 /* Service */ = {
			isa = PBXGroup;
			children = (
				937968F2260A32B800816081 /* zodiac.json */,
				937968F5260A330900816081 /* ReadJSONFallLove.swift */,
			);
			path = Service;
			sourceTree = "<group>";
		};
/* End PBXGroup section */

/* Begin PBXNativeTarget section */
		2E64920E25F723BE00FDC7FB /* KuFun */ = {
			isa = PBXNativeTarget;
			buildConfigurationList = 2E64922325F723C000FDC7FB /* Build configuration list for PBXNativeTarget "KuFun" */;
			buildPhases = (
				FC161B704494566086DED361 /* [CP] Check Pods Manifest.lock */,
				2E64920B25F723BE00FDC7FB /* Sources */,
				2E64920C25F723BE00FDC7FB /* Frameworks */,
				2E64920D25F723BE00FDC7FB /* Resources */,
				92930F4FBDC7D44DA2F94C00 /* [CP] Embed Pods Frameworks */,
				7432234AD35291F0F07D5C32 /* [CP] Copy Pods Resources */,
			);
			buildRules = (
			);
			dependencies = (
			);
			name = KuFun;
			productName = KuFun;
			productReference = 2E64920F25F723BE00FDC7FB /* Ku App New.app */;
			productType = "com.apple.product-type.application";
		};
/* End PBXNativeTarget section */

/* Begin PBXProject section */
		2E64920725F723BE00FDC7FB /* Project object */ = {
			isa = PBXProject;
			attributes = {
				LastSwiftUpdateCheck = 1210;
				LastUpgradeCheck = 1210;
				TargetAttributes = {
					2E64920E25F723BE00FDC7FB = {
						CreatedOnToolsVersion = 12.1;
					};
				};
			};
			buildConfigurationList = 2E64920A25F723BE00FDC7FB /* Build configuration list for PBXProject "KuFun" */;
			compatibilityVersion = "Xcode 9.3";
			developmentRegion = en;
			hasScannedForEncodings = 0;
			knownRegions = (
				en,
				Base,
			);
			mainGroup = 2E64920625F723BE00FDC7FB;
			productRefGroup = 2E64921025F723BE00FDC7FB /* Products */;
			projectDirPath = "";
			projectRoot = "";
			targets = (
				2E64920E25F723BE00FDC7FB /* KuFun */,
			);
		};
/* End PBXProject section */

/* Begin PBXResourcesBuildPhase section */
		2E64920D25F723BE00FDC7FB /* Resources */ = {
			isa = PBXResourcesBuildPhase;
			buildActionMask = 2147483647;
			files = (
				2E64921F25F723C000FDC7FB /* LaunchScreen.storyboard in Resources */,
				937968F3260A32B800816081 /* zodiac.json in Resources */,
				9379685A260A316600816081 /* ZodiacCell.xib in Resources */,
				93796858260A316600816081 /* ZodiacVC.xib in Resources */,
				2E64921C25F723C000FDC7FB /* Assets.xcassets in Resources */,
				9379685C260A316600816081 /* ZodiacDetailVC.xib in Resources */,
				2E6492AF25F72C8C00FDC7FB /* HomeApp.xib in Resources */,
				2E64921A25F723BE00FDC7FB /* Main.storyboard in Resources */,
				2E6492B125F72C8C00FDC7FB /* PlayVC.xib in Resources */,
				2E64962425F76E1B00FDC7FB /* GoogleService-Info.plist in Resources */,
			);
			runOnlyForDeploymentPostprocessing = 0;
		};
/* End PBXResourcesBuildPhase section */

/* Begin PBXShellScriptBuildPhase section */
		7432234AD35291F0F07D5C32 /* [CP] Copy Pods Resources */ = {
			isa = PBXShellScriptBuildPhase;
			buildActionMask = 2147483647;
			files = (
			);
			inputFileListPaths = (
				"${PODS_ROOT}/Target Support Files/Pods-KuFun/Pods-KuFun-resources-${CONFIGURATION}-input-files.xcfilelist",
			);
			name = "[CP] Copy Pods Resources";
			outputFileListPaths = (
				"${PODS_ROOT}/Target Support Files/Pods-KuFun/Pods-KuFun-resources-${CONFIGURATION}-output-files.xcfilelist",
			);
			runOnlyForDeploymentPostprocessing = 0;
			shellPath = /bin/sh;
			shellScript = "\"${PODS_ROOT}/Target Support Files/Pods-KuFun/Pods-KuFun-resources.sh\"\n";
			showEnvVarsInLog = 0;
		};
		92930F4FBDC7D44DA2F94C00 /* [CP] Embed Pods Frameworks */ = {
			isa = PBXShellScriptBuildPhase;
			buildActionMask = 2147483647;
			files = (
			);
			inputFileListPaths = (
				"${PODS_ROOT}/Target Support Files/Pods-KuFun/Pods-KuFun-frameworks-${CONFIGURATION}-input-files.xcfilelist",
			);
			name = "[CP] Embed Pods Frameworks";
			outputFileListPaths = (
				"${PODS_ROOT}/Target Support Files/Pods-KuFun/Pods-KuFun-frameworks-${CONFIGURATION}-output-files.xcfilelist",
			);
			runOnlyForDeploymentPostprocessing = 0;
			shellPath = /bin/sh;
			shellScript = "\"${PODS_ROOT}/Target Support Files/Pods-KuFun/Pods-KuFun-frameworks.sh\"\n";
			showEnvVarsInLog = 0;
		};
		FC161B704494566086DED361 /* [CP] Check Pods Manifest.lock */ = {
			isa = PBXShellScriptBuildPhase;
			buildActionMask = 2147483647;
			files = (
			);
			inputFileListPaths = (
			);
			inputPaths = (
				"${PODS_PODFILE_DIR_PATH}/Podfile.lock",
				"${PODS_ROOT}/Manifest.lock",
			);
			name = "[CP] Check Pods Manifest.lock";
			outputFileListPaths = (
			);
			outputPaths = (
				"$(DERIVED_FILE_DIR)/Pods-KuFun-checkManifestLockResult.txt",
			);
			runOnlyForDeploymentPostprocessing = 0;
			shellPath = /bin/sh;
			shellScript = "diff \"${PODS_PODFILE_DIR_PATH}/Podfile.lock\" \"${PODS_ROOT}/Manifest.lock\" > /dev/null\nif [ $? != 0 ] ; then\n    # print error to STDERR\n    echo \"error: The sandbox is not in sync with the Podfile.lock. Run 'pod install' or update your CocoaPods installation.\" >&2\n    exit 1\nfi\n# This output is used by Xcode 'outputs' to avoid re-running this script phase.\necho \"SUCCESS\" > \"${SCRIPT_OUTPUT_FILE_0}\"\n";
			showEnvVarsInLog = 0;
		};
/* End PBXShellScriptBuildPhase section */

/* Begin PBXSourcesBuildPhase section */
		2E64920B25F723BE00FDC7FB /* Sources */ = {
			isa = PBXSourcesBuildPhase;
			buildActionMask = 2147483647;
			files = (
				2E64924325F7245C00FDC7FB /* CodableExtension.swift in Sources */,
				2E64924425F7245C00FDC7FB /* DateExtension.swift in Sources */,
				2E6492B025F72C8C00FDC7FB /* PlayVC.swift in Sources */,
				2E64921725F723BE00FDC7FB /* ViewController.swift in Sources */,
				2E64921325F723BE00FDC7FB /* AppDelegate.swift in Sources */,
				9379685D260A316600816081 /* ZodiacDetailVC.swift in Sources */,
				2E64924225F7245C00FDC7FB /* Font+Extension.swift in Sources */,
				937968F6260A330900816081 /* ReadJSONFallLove.swift in Sources */,
				2E64923D25F7245C00FDC7FB /* ViewControllerExtension.swift in Sources */,
				2E64921525F723BE00FDC7FB /* SceneDelegate.swift in Sources */,
				2E64924725F7245C00FDC7FB /* BaseViewController.swift in Sources */,
				2E64924825F7245C00FDC7FB /* KeyboardInfo.swift in Sources */,
				2E64924025F7245C00FDC7FB /* ViewExtension.swift in Sources */,
				2E64923E25F7245C00FDC7FB /* CustomButton.swift in Sources */,
				2E64923B25F7245C00FDC7FB /* UITapgesture+Extension.swift in Sources */,
				2E64923A25F7245C00FDC7FB /* Obserable+Extension.swift in Sources */,
				2E64923F25F7245C00FDC7FB /* PropertyWapper.swift in Sources */,
				2E6492AE25F72C8C00FDC7FB /* HomeApp.swift in Sources */,
				2E64924525F7245C00FDC7FB /* BaseNavigation.swift in Sources */,
				2E64962825F7725400FDC7FB /* HomeModel.swift in Sources */,
				2E64923C25F7245C00FDC7FB /* UIWindow+Extension.swift in Sources */,
				2E64924625F7245C00FDC7FB /* AppSettings.swift in Sources */,
				9379685B260A316600816081 /* ZodiacCell.swift in Sources */,
				93796859260A316600816081 /* ZodiacVC.swift in Sources */,
				2E64924125F7245C00FDC7FB /* UIAllertVC+Extension.swift in Sources */,
			);
			runOnlyForDeploymentPostprocessing = 0;
		};
/* End PBXSourcesBuildPhase section */

/* Begin PBXVariantGroup section */
		2E64921825F723BE00FDC7FB /* Main.storyboard */ = {
			isa = PBXVariantGroup;
			children = (
				2E64921925F723BE00FDC7FB /* Base */,
			);
			name = Main.storyboard;
			sourceTree = "<group>";
		};
		2E64921D25F723C000FDC7FB /* LaunchScreen.storyboard */ = {
			isa = PBXVariantGroup;
			children = (
				2E64921E25F723C000FDC7FB /* Base */,
			);
			name = LaunchScreen.storyboard;
			sourceTree = "<group>";
		};
/* End PBXVariantGroup section */

/* Begin XCBuildConfiguration section */
		2E64922125F723C000FDC7FB /* Debug */ = {
			isa = XCBuildConfiguration;
			buildSettings = {
				ALWAYS_SEARCH_USER_PATHS = NO;
				CLANG_ANALYZER_NONNULL = YES;
				CLANG_ANALYZER_NUMBER_OBJECT_CONVERSION = YES_AGGRESSIVE;
				CLANG_CXX_LANGUAGE_STANDARD = "gnu++14";
				CLANG_CXX_LIBRARY = "libc++";
				CLANG_ENABLE_MODULES = YES;
				CLANG_ENABLE_OBJC_ARC = YES;
				CLANG_ENABLE_OBJC_WEAK = YES;
				CLANG_WARN_BLOCK_CAPTURE_AUTORELEASING = YES;
				CLANG_WARN_BOOL_CONVERSION = YES;
				CLANG_WARN_COMMA = YES;
				CLANG_WARN_CONSTANT_CONVERSION = YES;
				CLANG_WARN_DEPRECATED_OBJC_IMPLEMENTATIONS = YES;
				CLANG_WARN_DIRECT_OBJC_ISA_USAGE = YES_ERROR;
				CLANG_WARN_DOCUMENTATION_COMMENTS = YES;
				CLANG_WARN_EMPTY_BODY = YES;
				CLANG_WARN_ENUM_CONVERSION = YES;
				CLANG_WARN_INFINITE_RECURSION = YES;
				CLANG_WARN_INT_CONVERSION = YES;
				CLANG_WARN_NON_LITERAL_NULL_CONVERSION = YES;
				CLANG_WARN_OBJC_IMPLICIT_RETAIN_SELF = YES;
				CLANG_WARN_OBJC_LITERAL_CONVERSION = YES;
				CLANG_WARN_OBJC_ROOT_CLASS = YES_ERROR;
				CLANG_WARN_QUOTED_INCLUDE_IN_FRAMEWORK_HEADER = YES;
				CLANG_WARN_RANGE_LOOP_ANALYSIS = YES;
				CLANG_WARN_STRICT_PROTOTYPES = YES;
				CLANG_WARN_SUSPICIOUS_MOVE = YES;
				CLANG_WARN_UNGUARDED_AVAILABILITY = YES_AGGRESSIVE;
				CLANG_WARN_UNREACHABLE_CODE = YES;
				CLANG_WARN__DUPLICATE_METHOD_MATCH = YES;
				COPY_PHASE_STRIP = NO;
				DEBUG_INFORMATION_FORMAT = dwarf;
				ENABLE_STRICT_OBJC_MSGSEND = YES;
				ENABLE_TESTABILITY = YES;
				GCC_C_LANGUAGE_STANDARD = gnu11;
				GCC_DYNAMIC_NO_PIC = NO;
				GCC_NO_COMMON_BLOCKS = YES;
				GCC_OPTIMIZATION_LEVEL = 0;
				GCC_PREPROCESSOR_DEFINITIONS = (
					"DEBUG=1",
					"$(inherited)",
				);
				GCC_WARN_64_TO_32_BIT_CONVERSION = YES;
				GCC_WARN_ABOUT_RETURN_TYPE = YES_ERROR;
				GCC_WARN_UNDECLARED_SELECTOR = YES;
				GCC_WARN_UNINITIALIZED_AUTOS = YES_AGGRESSIVE;
				GCC_WARN_UNUSED_FUNCTION = YES;
				GCC_WARN_UNUSED_VARIABLE = YES;
				IPHONEOS_DEPLOYMENT_TARGET = 11.0;
				MTL_ENABLE_DEBUG_INFO = INCLUDE_SOURCE;
				MTL_FAST_MATH = YES;
				ONLY_ACTIVE_ARCH = YES;
				SDKROOT = iphoneos;
				SWIFT_ACTIVE_COMPILATION_CONDITIONS = DEBUG;
				SWIFT_OPTIMIZATION_LEVEL = "-Onone";
			};
			name = Debug;
		};
		2E64922225F723C000FDC7FB /* Release */ = {
			isa = XCBuildConfiguration;
			buildSettings = {
				ALWAYS_SEARCH_USER_PATHS = NO;
				CLANG_ANALYZER_NONNULL = YES;
				CLANG_ANALYZER_NUMBER_OBJECT_CONVERSION = YES_AGGRESSIVE;
				CLANG_CXX_LANGUAGE_STANDARD = "gnu++14";
				CLANG_CXX_LIBRARY = "libc++";
				CLANG_ENABLE_MODULES = YES;
				CLANG_ENABLE_OBJC_ARC = YES;
				CLANG_ENABLE_OBJC_WEAK = YES;
				CLANG_WARN_BLOCK_CAPTURE_AUTORELEASING = YES;
				CLANG_WARN_BOOL_CONVERSION = YES;
				CLANG_WARN_COMMA = YES;
				CLANG_WARN_CONSTANT_CONVERSION = YES;
				CLANG_WARN_DEPRECATED_OBJC_IMPLEMENTATIONS = YES;
				CLANG_WARN_DIRECT_OBJC_ISA_USAGE = YES_ERROR;
				CLANG_WARN_DOCUMENTATION_COMMENTS = YES;
				CLANG_WARN_EMPTY_BODY = YES;
				CLANG_WARN_ENUM_CONVERSION = YES;
				CLANG_WARN_INFINITE_RECURSION = YES;
				CLANG_WARN_INT_CONVERSION = YES;
				CLANG_WARN_NON_LITERAL_NULL_CONVERSION = YES;
				CLANG_WARN_OBJC_IMPLICIT_RETAIN_SELF = YES;
				CLANG_WARN_OBJC_LITERAL_CONVERSION = YES;
				CLANG_WARN_OBJC_ROOT_CLASS = YES_ERROR;
				CLANG_WARN_QUOTED_INCLUDE_IN_FRAMEWORK_HEADER = YES;
				CLANG_WARN_RANGE_LOOP_ANALYSIS = YES;
				CLANG_WARN_STRICT_PROTOTYPES = YES;
				CLANG_WARN_SUSPICIOUS_MOVE = YES;
				CLANG_WARN_UNGUARDED_AVAILABILITY = YES_AGGRESSIVE;
				CLANG_WARN_UNREACHABLE_CODE = YES;
				CLANG_WARN__DUPLICATE_METHOD_MATCH = YES;
				COPY_PHASE_STRIP = NO;
				DEBUG_INFORMATION_FORMAT = "dwarf-with-dsym";
				ENABLE_NS_ASSERTIONS = NO;
				ENABLE_STRICT_OBJC_MSGSEND = YES;
				GCC_C_LANGUAGE_STANDARD = gnu11;
				GCC_NO_COMMON_BLOCKS = YES;
				GCC_WARN_64_TO_32_BIT_CONVERSION = YES;
				GCC_WARN_ABOUT_RETURN_TYPE = YES_ERROR;
				GCC_WARN_UNDECLARED_SELECTOR = YES;
				GCC_WARN_UNINITIALIZED_AUTOS = YES_AGGRESSIVE;
				GCC_WARN_UNUSED_FUNCTION = YES;
				GCC_WARN_UNUSED_VARIABLE = YES;
				IPHONEOS_DEPLOYMENT_TARGET = 11.0;
				MTL_ENABLE_DEBUG_INFO = NO;
				MTL_FAST_MATH = YES;
				SDKROOT = iphoneos;
				SWIFT_COMPILATION_MODE = wholemodule;
				SWIFT_OPTIMIZATION_LEVEL = "-O";
				VALIDATE_PRODUCT = YES;
			};
			name = Release;
		};
		2E64922425F723C000FDC7FB /* Debug */ = {
			isa = XCBuildConfiguration;
			baseConfigurationReference = E2F2B3B5853AA8CC773ACC5F /* Pods-KuFun.debug.xcconfig */;
			buildSettings = {
				ASSETCATALOG_COMPILER_APPICON_NAME = AppIcon;
				ASSETCATALOG_COMPILER_GLOBAL_ACCENT_COLOR_NAME = AccentColor;
				CODE_SIGN_IDENTITY = "Apple Development";
				CODE_SIGN_STYLE = Automatic;
				DEVELOPMENT_TEAM = 7VA7N3EEEN;
				INFOPLIST_FILE = KuFun/Info.plist;
				LD_RUNPATH_SEARCH_PATHS = (
					"$(inherited)",
					"@executable_path/Frameworks",
				);
				MARKETING_VERSION = 1.1;
				PRODUCT_BUNDLE_IDENTIFIER = haiphan.KuFun;
				PRODUCT_NAME = "Ku App New";
				PROVISIONING_PROFILE_SPECIFIER = "";
				SWIFT_VERSION = 5.0;
				TARGETED_DEVICE_FAMILY = 1;
			};
			name = Debug;
		};
		2E64922525F723C000FDC7FB /* Release */ = {
			isa = XCBuildConfiguration;
			baseConfigurationReference = 2912D84A00B365E25433209B /* Pods-KuFun.release.xcconfig */;
			buildSettings = {
				ASSETCATALOG_COMPILER_APPICON_NAME = AppIcon;
				ASSETCATALOG_COMPILER_GLOBAL_ACCENT_COLOR_NAME = AccentColor;
				CODE_SIGN_IDENTITY = "Apple Development";
				CODE_SIGN_STYLE = Automatic;
				DEVELOPMENT_TEAM = 7VA7N3EEEN;
				INFOPLIST_FILE = KuFun/Info.plist;
				LD_RUNPATH_SEARCH_PATHS = (
					"$(inherited)",
					"@executable_path/Frameworks",
				);
				MARKETING_VERSION = 1.1;
				PRODUCT_BUNDLE_IDENTIFIER = haiphan.KuFun;
				PRODUCT_NAME = "Ku App New";
				PROVISIONING_PROFILE_SPECIFIER = "";
				SWIFT_VERSION = 5.0;
				TARGETED_DEVICE_FAMILY = 1;
			};
			name = Release;
		};
/* End XCBuildConfiguration section */

/* Begin XCConfigurationList section */
		2E64920A25F723BE00FDC7FB /* Build configuration list for PBXProject "KuFun" */ = {
			isa = XCConfigurationList;
			buildConfigurations = (
				2E64922125F723C000FDC7FB /* Debug */,
				2E64922225F723C000FDC7FB /* Release */,
			);
			defaultConfigurationIsVisible = 0;
			defaultConfigurationName = Release;
		};
		2E64922325F723C000FDC7FB /* Build configuration list for PBXNativeTarget "KuFun" */ = {
			isa = XCConfigurationList;
			buildConfigurations = (
				2E64922425F723C000FDC7FB /* Debug */,
				2E64922525F723C000FDC7FB /* Release */,
			);
			defaultConfigurationIsVisible = 0;
			defaultConfigurationName = Release;
		};
/* End XCConfigurationList section */
	};
	rootObject = 2E64920725F723BE00FDC7FB /* Project object */;
}
